
Microsoft Visual Studio Solution File, Format Version 12.00
# Visual Studio Version 16
VisualStudioVersion = 16.0.30611.23
MinimumVisualStudioVersion = 10.0.40219.1
Project("{FAE04EC0-301F-11D3-BF4B-00C04F79EFBC}") = "ServerConfigForm-P5-20190140049", "ServerConfigForm-P5-20190140049\ServerConfigForm-P5-20190140049.csproj", "{B420793E-91E3-47E6-805D-23D33BB986F3}"
EndProject
Global
	GlobalSection(SolutionConfigurationPlatforms) = preSolution
		Debug|Any CPU = Debug|Any CPU
		Release|Any CPU = Release|Any CPU
	EndGlobalSection
	GlobalSection(ProjectConfigurationPlatforms) = postSolution
		{B420793E-91E3-47E6-805D-23D33BB986F3}.Debug|Any CPU.ActiveCfg = Debug|Any CPU
		{B420793E-91E3-47E6-805D-23D33BB986F3}.Debug|Any CPU.Build.0 = Debug|Any CPU
		{B420793E-91E3-47E6-805D-23D33BB986F3}.Release|Any CPU.ActiveCfg = Release|Any CPU
		{B420793E-91E3-47E6-805D-23D33BB986F3}.Release|Any CPU.Build.0 = Release|Any CPU
	EndGlobalSection
	GlobalSection(SolutionProperties) = preSolution
		HideSolutionNode = FALSE
	EndGlobalSection
	GlobalSection(ExtensibilityGlobals) = postSolution
		SolutionGuid = {1F50C9EA-7807-43FE-B9E4-35AED6DC8D7F}
	EndGlobalSection
EndGlobal
